{
  "name": "usingmarvel",
  "version": "1.0.0",
  "lockfileVersion": 3,
  "requires": true,
  "packages": {
    "": {
      "name": "usingmarvel",
      "version": "1.0.0",
      "license": "ISC",
      "dependencies": {
        "marvel_avengers": "^1.1.0",
        "sarandassm": "^1.0.5"
      }
    },
    "node_modules/marvel_avengers": {
      "version": "1.1.0",
      "resolved": "https://registry.npmjs.org/marvel_avengers/-/marvel_avengers-1.1.0.tgz",
      "integrity": "sha512-4BGKej0bGjWnQuJz22qHc1ylt/CZmkN4H4s3nFoUuc8ilRJVNr0VAhFMdT7heBPB/tolyfIl/3ZNx1dvISu+wA=="
    },
    "node_modules/sarandassm": {
      "version": "1.1.0",
      "resolved": "https://registry.npmjs.org/sarandassm/-/sarandassm-1.1.0.tgz",
      "integrity": "sha512-frXh9p1HuZpmv6skzvhF0sB2MQBEKQylbQx/3yhNzEO02iLOWECdWM1zpM2ryjpeSoEAL3n/Ssx3zMoHEJyN5w==",
      "dependencies": {
        "sarandassm": "^1.0.0"
      }
    }
  }
}
